# This file is automatically @generated by Cargo.
# It is not intended for manual editing.
version = 4

[[package]]
name = "app"
version = "0.0.1"
dependencies = [
 "chat",
 "core",
]

[[package]]
name = "chat"
version = "0.0.1"
dependencies = [
 "core",
]

[[package]]
name = "core"
version = "0.0.1"
